
Microsoft Visual Studio Solution File, Format Version 12.00
# Visual Studio 15
VisualStudioVersion = 15.0.27428.2027
MinimumVisualStudioVersion = 10.0.40219.1
Project("{FAE04EC0-301F-11D3-BF4B-00C04F79EFBC}") = "CustomPusherEventGrid", "PusherEventGrid\CustomPusherEventGrid.csproj", "{BA933F63-E5FF-42B9-A645-C9B3048BD3B3}"
EndProject
Project("{FAE04EC0-301F-11D3-BF4B-00C04F79EFBC}") = "AmsHackfestFunctions", "AmsHackfestFunctions\AmsHackfestFunctions.csproj", "{A8E69576-FE1B-4756-B41F-C82C40B8B7C7}"
EndProject
Global
	GlobalSection(SolutionConfigurationPlatforms) = preSolution
		Debug|Any CPU = Debug|Any CPU
		Release|Any CPU = Release|Any CPU
	EndGlobalSection
	GlobalSection(ProjectConfigurationPlatforms) = postSolution
		{BA933F63-E5FF-42B9-A645-C9B3048BD3B3}.Debug|Any CPU.ActiveCfg = Debug|Any CPU
		{BA933F63-E5FF-42B9-A645-C9B3048BD3B3}.Debug|Any CPU.Build.0 = Debug|Any CPU
		{BA933F63-E5FF-42B9-A645-C9B3048BD3B3}.Release|Any CPU.ActiveCfg = Release|Any CPU
		{BA933F63-E5FF-42B9-A645-C9B3048BD3B3}.Release|Any CPU.Build.0 = Release|Any CPU
		{A8E69576-FE1B-4756-B41F-C82C40B8B7C7}.Debug|Any CPU.ActiveCfg = Debug|Any CPU
		{A8E69576-FE1B-4756-B41F-C82C40B8B7C7}.Debug|Any CPU.Build.0 = Debug|Any CPU
		{A8E69576-FE1B-4756-B41F-C82C40B8B7C7}.Release|Any CPU.ActiveCfg = Release|Any CPU
		{A8E69576-FE1B-4756-B41F-C82C40B8B7C7}.Release|Any CPU.Build.0 = Release|Any CPU
	EndGlobalSection
	GlobalSection(SolutionProperties) = preSolution
		HideSolutionNode = FALSE
	EndGlobalSection
	GlobalSection(ExtensibilityGlobals) = postSolution
		SolutionGuid = {03DE4C88-A707-45E6-B3A1-AF0197F0F28E}
	EndGlobalSection
EndGlobal
